
Microsoft Visual Studio Solution File, Format Version 12.00
# Visual Studio Version 16
VisualStudioVersion = 16.0.32228.343
MinimumVisualStudioVersion = 10.0.40219.1
Project("{8BC9CEB8-8B4A-11D0-8D11-00A0C91BC942}") = "Lab_7_OAiP", "Lab_7_OAiP\Lab_7_OAiP.vcxproj", "{7A664245-9830-4556-ACCD-A14991D770A6}"
EndProject
Project("{8BC9CEB8-8B4A-11D0-8D11-00A0C91BC942}") = "Lab_7_DOP_1", "Lab_7_DOP_1\Lab_7_DOP_1.vcxproj", "{5ED19543-12E6-4D7C-94A4-FEEDB69ECE54}"
EndProject
Project("{8BC9CEB8-8B4A-11D0-8D11-00A0C91BC942}") = "Lab_7_DOP_2", "Lab_7_DOP_2\Lab_7_DOP_2.vcxproj", "{1983C093-E6CA-4282-91DF-0FC224FE6927}"
EndProject
Project("{8BC9CEB8-8B4A-11D0-8D11-00A0C91BC942}") = "Lab_7_DOP_3", "Lab_7_DOP_3\Lab_7_DOP_3.vcxproj", "{02CBCACC-E729-4B7C-BF5D-C9D49BAB444D}"
EndProject
Global
	GlobalSection(SolutionConfigurationPlatforms) = preSolution
		Debug|x64 = Debug|x64
		Debug|x86 = Debug|x86
		Release|x64 = Release|x64
		Release|x86 = Release|x86
	EndGlobalSection
	GlobalSection(ProjectConfigurationPlatforms) = postSolution
		{7A664245-9830-4556-ACCD-A14991D770A6}.Debug|x64.ActiveCfg = Debug|x64
		{7A664245-9830-4556-ACCD-A14991D770A6}.Debug|x64.Build.0 = Debug|x64
		{7A664245-9830-4556-ACCD-A14991D770A6}.Debug|x86.ActiveCfg = Debug|Win32
		{7A664245-9830-4556-ACCD-A14991D770A6}.Debug|x86.Build.0 = Debug|Win32
		{7A664245-9830-4556-ACCD-A14991D770A6}.Release|x64.ActiveCfg = Release|x64
		{7A664245-9830-4556-ACCD-A14991D770A6}.Release|x64.Build.0 = Release|x64
		{7A664245-9830-4556-ACCD-A14991D770A6}.Release|x86.ActiveCfg = Release|Win32
		{7A664245-9830-4556-ACCD-A14991D770A6}.Release|x86.Build.0 = Release|Win32
		{5ED19543-12E6-4D7C-94A4-FEEDB69ECE54}.Debug|x64.ActiveCfg = Debug|x64
		{5ED19543-12E6-4D7C-94A4-FEEDB69ECE54}.Debug|x64.Build.0 = Debug|x64
		{5ED19543-12E6-4D7C-94A4-FEEDB69ECE54}.Debug|x86.ActiveCfg = Debug|Win32
		{5ED19543-12E6-4D7C-94A4-FEEDB69ECE54}.Debug|x86.Build.0 = Debug|Win32
		{5ED19543-12E6-4D7C-94A4-FEEDB69ECE54}.Release|x64.ActiveCfg = Release|x64
		{5ED19543-12E6-4D7C-94A4-FEEDB69ECE54}.Release|x64.Build.0 = Release|x64
		{5ED19543-12E6-4D7C-94A4-FEEDB69ECE54}.Release|x86.ActiveCfg = Release|Win32
		{5ED19543-12E6-4D7C-94A4-FEEDB69ECE54}.Release|x86.Build.0 = Release|Win32
		{1983C093-E6CA-4282-91DF-0FC224FE6927}.Debug|x64.ActiveCfg = Debug|x64
		{1983C093-E6CA-4282-91DF-0FC224FE6927}.Debug|x64.Build.0 = Debug|x64
		{1983C093-E6CA-4282-91DF-0FC224FE6927}.Debug|x86.ActiveCfg = Debug|Win32
		{1983C093-E6CA-4282-91DF-0FC224FE6927}.Debug|x86.Build.0 = Debug|Win32
		{1983C093-E6CA-4282-91DF-0FC224FE6927}.Release|x64.ActiveCfg = Release|x64
		{1983C093-E6CA-4282-91DF-0FC224FE6927}.Release|x64.Build.0 = Release|x64
		{1983C093-E6CA-4282-91DF-0FC224FE6927}.Release|x86.ActiveCfg = Release|Win32
		{1983C093-E6CA-4282-91DF-0FC224FE6927}.Release|x86.Build.0 = Release|Win32
		{02CBCACC-E729-4B7C-BF5D-C9D49BAB444D}.Debug|x64.ActiveCfg = Debug|x64
		{02CBCACC-E729-4B7C-BF5D-C9D49BAB444D}.Debug|x64.Build.0 = Debug|x64
		{02CBCACC-E729-4B7C-BF5D-C9D49BAB444D}.Debug|x86.ActiveCfg = Debug|Win32
		{02CBCACC-E729-4B7C-BF5D-C9D49BAB444D}.Debug|x86.Build.0 = Debug|Win32
		{02CBCACC-E729-4B7C-BF5D-C9D49BAB444D}.Release|x64.ActiveCfg = Release|x64
		{02CBCACC-E729-4B7C-BF5D-C9D49BAB444D}.Release|x64.Build.0 = Release|x64
		{02CBCACC-E729-4B7C-BF5D-C9D49BAB444D}.Release|x86.ActiveCfg = Release|Win32
		{02CBCACC-E729-4B7C-BF5D-C9D49BAB444D}.Release|x86.Build.0 = Release|Win32
	EndGlobalSection
	GlobalSection(SolutionProperties) = preSolution
		HideSolutionNode = FALSE
	EndGlobalSection
	GlobalSection(ExtensibilityGlobals) = postSolution
		SolutionGuid = {B88CE84F-694A-4AD2-A02D-47EDFFAAA5BD}
	EndGlobalSection
EndGlobal
